// !$*UTF8*$!
{
	archiveVersion = 1;
	classes = {
	};
	objectVersion = 56;
	objects = {

/* Begin PBXBuildFile section */
		64707AB22AA44EA000C1F9E7 /* LoginView.swift in Sources */ = {isa = PBXBuildFile; fileRef = 64707AB12AA44EA000C1F9E7 /* LoginView.swift */; };
		64707AB42AA4770400C1F9E7 /* RegistrationView.swift in Sources */ = {isa = PBXBuildFile; fileRef = 64707AB32AA4770400C1F9E7 /* RegistrationView.swift */; };
		648DF75E2AA47A8E00719427 /* ThreadsTextFieldModifier.swift in Sources */ = {isa = PBXBuildFile; fileRef = 648DF75D2AA47A8E00719427 /* ThreadsTextFieldModifier.swift */; };
		648DF7612AA4893900719427 /* ThreadsTabView.swift in Sources */ = {isa = PBXBuildFile; fileRef = 648DF7602AA4893900719427 /* ThreadsTabView.swift */; };
		648DF7652AA4E17100719427 /* FeedView.swift in Sources */ = {isa = PBXBuildFile; fileRef = 648DF7642AA4E17100719427 /* FeedView.swift */; };
		648DF7692AA4E1D700719427 /* ExploreView.swift in Sources */ = {isa = PBXBuildFile; fileRef = 648DF7682AA4E1D700719427 /* ExploreView.swift */; };
		648DF76D2AA4E21700719427 /* CreateThreadView.swift in Sources */ = {isa = PBXBuildFile; fileRef = 648DF76C2AA4E21700719427 /* CreateThreadView.swift */; };
		648DF7712AA4E26600719427 /* ActivityView.swift in Sources */ = {isa = PBXBuildFile; fileRef = 648DF7702AA4E26600719427 /* ActivityView.swift */; };
		648DF7752AA4E2A100719427 /* ProfileView.swift in Sources */ = {isa = PBXBuildFile; fileRef = 648DF7742AA4E2A100719427 /* ProfileView.swift */; };
		648DF7772AA587B100719427 /* ThreadCell.swift in Sources */ = {isa = PBXBuildFile; fileRef = 648DF7762AA587B100719427 /* ThreadCell.swift */; };
		64AC5CE32AA3901C0011B607 /* _6_swift_threads_asyncApp.swift in Sources */ = {isa = PBXBuildFile; fileRef = 64AC5CE22AA3901C0011B607 /* _6_swift_threads_asyncApp.swift */; };
		64AC5CE52AA3901C0011B607 /* ContentView.swift in Sources */ = {isa = PBXBuildFile; fileRef = 64AC5CE42AA3901C0011B607 /* ContentView.swift */; };
		64AC5CE72AA3901E0011B607 /* Assets.xcassets in Resources */ = {isa = PBXBuildFile; fileRef = 64AC5CE62AA3901E0011B607 /* Assets.xcassets */; };
		64AC5CEB2AA3901E0011B607 /* Preview Assets.xcassets in Resources */ = {isa = PBXBuildFile; fileRef = 64AC5CEA2AA3901E0011B607 /* Preview Assets.xcassets */; };
		64AC5CF32AA3920C0011B607 /* FirebaseAuth in Frameworks */ = {isa = PBXBuildFile; productRef = 64AC5CF22AA3920C0011B607 /* FirebaseAuth */; };
		64AC5CF52AA3920C0011B607 /* FirebaseFirestore in Frameworks */ = {isa = PBXBuildFile; productRef = 64AC5CF42AA3920C0011B607 /* FirebaseFirestore */; };
		64AC5CF72AA3920C0011B607 /* FirebaseFirestoreSwift in Frameworks */ = {isa = PBXBuildFile; productRef = 64AC5CF62AA3920C0011B607 /* FirebaseFirestoreSwift */; };
		64AC5CF92AA3920C0011B607 /* FirebaseStorage in Frameworks */ = {isa = PBXBuildFile; productRef = 64AC5CF82AA3920C0011B607 /* FirebaseStorage */; };
		64AC5CFB2AA393B60011B607 /* GoogleService-Info.plist in Resources */ = {isa = PBXBuildFile; fileRef = 64AC5CFA2AA393B40011B607 /* GoogleService-Info.plist */; };
/* End PBXBuildFile section */

/* Begin PBXFileReference section */
		64707AB12AA44EA000C1F9E7 /* LoginView.swift */ = {isa = PBXFileReference; lastKnownFileType = sourcecode.swift; path = LoginView.swift; sourceTree = "<group>"; };
		64707AB32AA4770400C1F9E7 /* RegistrationView.swift */ = {isa = PBXFileReference; lastKnownFileType = sourcecode.swift; path = RegistrationView.swift; sourceTree = "<group>"; };
		648DF75D2AA47A8E00719427 /* ThreadsTextFieldModifier.swift */ = {isa = PBXFileReference; lastKnownFileType = sourcecode.swift; path = ThreadsTextFieldModifier.swift; sourceTree = "<group>"; };
		648DF7602AA4893900719427 /* ThreadsTabView.swift */ = {isa = PBXFileReference; lastKnownFileType = sourcecode.swift; path = ThreadsTabView.swift; sourceTree = "<group>"; };
		648DF7642AA4E17100719427 /* FeedView.swift */ = {isa = PBXFileReference; lastKnownFileType = sourcecode.swift; path = FeedView.swift; sourceTree = "<group>"; };
		648DF7682AA4E1D700719427 /* ExploreView.swift */ = {isa = PBXFileReference; lastKnownFileType = sourcecode.swift; path = ExploreView.swift; sourceTree = "<group>"; };
		648DF76C2AA4E21700719427 /* CreateThreadView.swift */ = {isa = PBXFileReference; lastKnownFileType = sourcecode.swift; path = CreateThreadView.swift; sourceTree = "<group>"; };
		648DF7702AA4E26600719427 /* ActivityView.swift */ = {isa = PBXFileReference; lastKnownFileType = sourcecode.swift; path = ActivityView.swift; sourceTree = "<group>"; };
		648DF7742AA4E2A100719427 /* ProfileView.swift */ = {isa = PBXFileReference; lastKnownFileType = sourcecode.swift; path = ProfileView.swift; sourceTree = "<group>"; };
		648DF7762AA587B100719427 /* ThreadCell.swift */ = {isa = PBXFileReference; lastKnownFileType = sourcecode.swift; path = ThreadCell.swift; sourceTree = "<group>"; };
		64AC5CDF2AA3901C0011B607 /* 16-swift-threads-async.app */ = {isa = PBXFileReference; explicitFileType = wrapper.application; includeInIndex = 0; path = "16-swift-threads-async.app"; sourceTree = BUILT_PRODUCTS_DIR; };
		64AC5CE22AA3901C0011B607 /* _6_swift_threads_asyncApp.swift */ = {isa = PBXFileReference; lastKnownFileType = sourcecode.swift; path = _6_swift_threads_asyncApp.swift; sourceTree = "<group>"; };
		64AC5CE42AA3901C0011B607 /* ContentView.swift */ = {isa = PBXFileReference; lastKnownFileType = sourcecode.swift; path = ContentView.swift; sourceTree = "<group>"; };
		64AC5CE62AA3901E0011B607 /* Assets.xcassets */ = {isa = PBXFileReference; lastKnownFileType = folder.assetcatalog; path = Assets.xcassets; sourceTree = "<group>"; };
		64AC5CE82AA3901E0011B607 /* _6_swift_threads_async.entitlements */ = {isa = PBXFileReference; lastKnownFileType = text.plist.entitlements; path = _6_swift_threads_async.entitlements; sourceTree = "<group>"; };
		64AC5CEA2AA3901E0011B607 /* Preview Assets.xcassets */ = {isa = PBXFileReference; lastKnownFileType = folder.assetcatalog; path = "Preview Assets.xcassets"; sourceTree = "<group>"; };
		64AC5CFA2AA393B40011B607 /* GoogleService-Info.plist */ = {isa = PBXFileReference; fileEncoding = 4; lastKnownFileType = text.plist.xml; path = "GoogleService-Info.plist"; sourceTree = "<group>"; };
/* End PBXFileReference section */

/* Begin PBXFrameworksBuildPhase section */
		64AC5CDC2AA3901C0011B607 /* Frameworks */ = {
			isa = PBXFrameworksBuildPhase;
			buildActionMask = 2147483647;
			files = (
				64AC5CF32AA3920C0011B607 /* FirebaseAuth in Frameworks */,
				64AC5CF92AA3920C0011B607 /* FirebaseStorage in Frameworks */,
				64AC5CF52AA3920C0011B607 /* FirebaseFirestore in Frameworks */,
				64AC5CF72AA3920C0011B607 /* FirebaseFirestoreSwift in Frameworks */,
			);
			runOnlyForDeploymentPostprocessing = 0;
		};
/* End PBXFrameworksBuildPhase section */

/* Begin PBXGroup section */
		64707AA82AA44E0600C1F9E7 /* Utils */ = {
			isa = PBXGroup;
			children = (
				648DF75C2AA47A4E00719427 /* ViewModifiers */,
			);
			path = Utils;
			sourceTree = "<group>";
		};
		64707AA92AA44E1100C1F9E7 /* Services */ = {
			isa = PBXGroup;
			children = (
			);
			path = Services;
			sourceTree = "<group>";
		};
		64707AAA2AA44E1600C1F9E7 /* Model */ = {
			isa = PBXGroup;
			children = (
			);
			path = Model;
			sourceTree = "<group>";
		};
		64707AAB2AA44E1A00C1F9E7 /* Extensions */ = {
			isa = PBXGroup;
			children = (
			);
			path = Extensions;
			sourceTree = "<group>";
		};
		64707AAC2AA44E2400C1F9E7 /* Core */ = {
			isa = PBXGroup;
			children = (
				648DF76E2AA4E25000719427 /* Activity */,
				64707AAF2AA44E6E00C1F9E7 /* Authentication */,
				648DF7622AA4E15A00719427 /* Feed */,
				648DF7722AA4E27D00719427 /* Profile */,
				648DF7662AA4E1C200719427 /* Explore */,
				64707AAE2AA44E6900C1F9E7 /* Root */,
				648DF75F2AA4871600719427 /* TabBar */,
				648DF76A2AA4E1F900719427 /* ThreadCreation */,
			);
			path = Core;
			sourceTree = "<group>";
		};
		64707AAD2AA44E2C00C1F9E7 /* App */ = {
			isa = PBXGroup;
			children = (
				64AC5CE22AA3901C0011B607 /* _6_swift_threads_asyncApp.swift */,
			);
			path = App;
			sourceTree = "<group>";
		};
		64707AAE2AA44E6900C1F9E7 /* Root */ = {
			isa = PBXGroup;
			children = (
				64AC5CE42AA3901C0011B607 /* ContentView.swift */,
			);
			path = Root;
			sourceTree = "<group>";
		};
		64707AAF2AA44E6E00C1F9E7 /* Authentication */ = {
			isa = PBXGroup;
			children = (
				64707AB02AA44E9400C1F9E7 /* Views */,
			);
			path = Authentication;
			sourceTree = "<group>";
		};
		64707AB02AA44E9400C1F9E7 /* Views */ = {
			isa = PBXGroup;
			children = (
				64707AB12AA44EA000C1F9E7 /* LoginView.swift */,
				64707AB32AA4770400C1F9E7 /* RegistrationView.swift */,
			);
			path = Views;
			sourceTree = "<group>";
		};
		648DF75C2AA47A4E00719427 /* ViewModifiers */ = {
			isa = PBXGroup;
			children = (
				648DF75D2AA47A8E00719427 /* ThreadsTextFieldModifier.swift */,
			);
			path = ViewModifiers;
			sourceTree = "<group>";
		};
		648DF75F2AA4871600719427 /* TabBar */ = {
			isa = PBXGroup;
			children = (
				648DF7602AA4893900719427 /* ThreadsTabView.swift */,
			);
			path = TabBar;
			sourceTree = "<group>";
		};
		648DF7622AA4E15A00719427 /* Feed */ = {
			isa = PBXGroup;
			children = (
				648DF7632AA4E16400719427 /* Views */,
			);
			path = Feed;
			sourceTree = "<group>";
		};
		648DF7632AA4E16400719427 /* Views */ = {
			isa = PBXGroup;
			children = (
				648DF7642AA4E17100719427 /* FeedView.swift */,
				648DF7762AA587B100719427 /* ThreadCell.swift */,
			);
			path = Views;
			sourceTree = "<group>";
		};
		648DF7662AA4E1C200719427 /* Explore */ = {
			isa = PBXGroup;
			children = (
				648DF7672AA4E1CB00719427 /* Views */,
			);
			path = Explore;
			sourceTree = "<group>";
		};
		648DF7672AA4E1CB00719427 /* Views */ = {
			isa = PBXGroup;
			children = (
				648DF7682AA4E1D700719427 /* ExploreView.swift */,
			);
			path = Views;
			sourceTree = "<group>";
		};
		648DF76A2AA4E1F900719427 /* ThreadCreation */ = {
			isa = PBXGroup;
			children = (
				648DF76B2AA4E20400719427 /* Views */,
			);
			path = ThreadCreation;
			sourceTree = "<group>";
		};
		648DF76B2AA4E20400719427 /* Views */ = {
			isa = PBXGroup;
			children = (
				648DF76C2AA4E21700719427 /* CreateThreadView.swift */,
			);
			path = Views;
			sourceTree = "<group>";
		};
		648DF76E2AA4E25000719427 /* Activity */ = {
			isa = PBXGroup;
			children = (
				648DF76F2AA4E25500719427 /* Views */,
			);
			path = Activity;
			sourceTree = "<group>";
		};
		648DF76F2AA4E25500719427 /* Views */ = {
			isa = PBXGroup;
			children = (
				648DF7702AA4E26600719427 /* ActivityView.swift */,
			);
			path = Views;
			sourceTree = "<group>";
		};
		648DF7722AA4E27D00719427 /* Profile */ = {
			isa = PBXGroup;
			children = (
				648DF7732AA4E28100719427 /* Views */,
			);
			path = Profile;
			sourceTree = "<group>";
		};
		648DF7732AA4E28100719427 /* Views */ = {
			isa = PBXGroup;
			children = (
				648DF7742AA4E2A100719427 /* ProfileView.swift */,
			);
			path = Views;
			sourceTree = "<group>";
		};
		64AC5CD62AA3901C0011B607 = {
			isa = PBXGroup;
			children = (
				64AC5CE12AA3901C0011B607 /* 16-swift-threads-async */,
				64AC5CE02AA3901C0011B607 /* Products */,
			);
			sourceTree = "<group>";
		};
		64AC5CE02AA3901C0011B607 /* Products */ = {
			isa = PBXGroup;
			children = (
				64AC5CDF2AA3901C0011B607 /* 16-swift-threads-async.app */,
			);
			name = Products;
			sourceTree = "<group>";
		};
		64AC5CE12AA3901C0011B607 /* 16-swift-threads-async */ = {
			isa = PBXGroup;
			children = (
				64707AAD2AA44E2C00C1F9E7 /* App */,
				64707AAC2AA44E2400C1F9E7 /* Core */,
				64707AAB2AA44E1A00C1F9E7 /* Extensions */,
				64707AAA2AA44E1600C1F9E7 /* Model */,
				64707AA92AA44E1100C1F9E7 /* Services */,
				64707AA82AA44E0600C1F9E7 /* Utils */,
				64AC5CE62AA3901E0011B607 /* Assets.xcassets */,
				64AC5CFA2AA393B40011B607 /* GoogleService-Info.plist */,
				64AC5CE82AA3901E0011B607 /* _6_swift_threads_async.entitlements */,
				64AC5CE92AA3901E0011B607 /* Preview Content */,
			);
			path = "16-swift-threads-async";
			sourceTree = "<group>";
		};
		64AC5CE92AA3901E0011B607 /* Preview Content */ = {
			isa = PBXGroup;
			children = (
				64AC5CEA2AA3901E0011B607 /* Preview Assets.xcassets */,
			);
			path = "Preview Content";
			sourceTree = "<group>";
		};
/* End PBXGroup section */

/* Begin PBXNativeTarget section */
		64AC5CDE2AA3901C0011B607 /* 16-swift-threads-async */ = {
			isa = PBXNativeTarget;
			buildConfigurationList = 64AC5CEE2AA3901E0011B607 /* Build configuration list for PBXNativeTarget "16-swift-threads-async" */;
			buildPhases = (
				64AC5CDB2AA3901C0011B607 /* Sources */,
				64AC5CDC2AA3901C0011B607 /* Frameworks */,
				64AC5CDD2AA3901C0011B607 /* Resources */,
			);
			buildRules = (
			);
			dependencies = (
			);
			name = "16-swift-threads-async";
			packageProductDependencies = (
				64AC5CF22AA3920C0011B607 /* FirebaseAuth */,
				64AC5CF42AA3920C0011B607 /* FirebaseFirestore */,
				64AC5CF62AA3920C0011B607 /* FirebaseFirestoreSwift */,
				64AC5CF82AA3920C0011B607 /* FirebaseStorage */,
			);
			productName = "16-swift-threads-async";
			productReference = 64AC5CDF2AA3901C0011B607 /* 16-swift-threads-async.app */;
			productType = "com.apple.product-type.application";
		};
/* End PBXNativeTarget section */

/* Begin PBXProject section */
		64AC5CD72AA3901C0011B607 /* Project object */ = {
			isa = PBXProject;
			attributes = {
				BuildIndependentTargetsInParallel = 1;
				LastSwiftUpdateCheck = 1420;
				LastUpgradeCheck = 1420;
				TargetAttributes = {
					64AC5CDE2AA3901C0011B607 = {
						CreatedOnToolsVersion = 14.2;
					};
				};
			};
			buildConfigurationList = 64AC5CDA2AA3901C0011B607 /* Build configuration list for PBXProject "16-swift-threads-async" */;
			compatibilityVersion = "Xcode 14.0";
			developmentRegion = en;
			hasScannedForEncodings = 0;
			knownRegions = (
				en,
				Base,
			);
			mainGroup = 64AC5CD62AA3901C0011B607;
			packageReferences = (
				64AC5CF12AA3920C0011B607 /* XCRemoteSwiftPackageReference "firebase-ios-sdk" */,
			);
			productRefGroup = 64AC5CE02AA3901C0011B607 /* Products */;
			projectDirPath = "";
			projectRoot = "";
			targets = (
				64AC5CDE2AA3901C0011B607 /* 16-swift-threads-async */,
			);
		};
/* End PBXProject section */

/* Begin PBXResourcesBuildPhase section */
		64AC5CDD2AA3901C0011B607 /* Resources */ = {
			isa = PBXResourcesBuildPhase;
			buildActionMask = 2147483647;
			files = (
				64AC5CEB2AA3901E0011B607 /* Preview Assets.xcassets in Resources */,
				64AC5CE72AA3901E0011B607 /* Assets.xcassets in Resources */,
				64AC5CFB2AA393B60011B607 /* GoogleService-Info.plist in Resources */,
			);
			runOnlyForDeploymentPostprocessing = 0;
		};
/* End PBXResourcesBuildPhase section */

/* Begin PBXSourcesBuildPhase section */
		64AC5CDB2AA3901C0011B607 /* Sources */ = {
			isa = PBXSourcesBuildPhase;
			buildActionMask = 2147483647;
			files = (
				648DF7652AA4E17100719427 /* FeedView.swift in Sources */,
				64707AB22AA44EA000C1F9E7 /* LoginView.swift in Sources */,
				64AC5CE52AA3901C0011B607 /* ContentView.swift in Sources */,
				648DF7772AA587B100719427 /* ThreadCell.swift in Sources */,
				648DF7712AA4E26600719427 /* ActivityView.swift in Sources */,
				648DF76D2AA4E21700719427 /* CreateThreadView.swift in Sources */,
				648DF7612AA4893900719427 /* ThreadsTabView.swift in Sources */,
				648DF75E2AA47A8E00719427 /* ThreadsTextFieldModifier.swift in Sources */,
				64AC5CE32AA3901C0011B607 /* _6_swift_threads_asyncApp.swift in Sources */,
				648DF7692AA4E1D700719427 /* ExploreView.swift in Sources */,
				648DF7752AA4E2A100719427 /* ProfileView.swift in Sources */,
				64707AB42AA4770400C1F9E7 /* RegistrationView.swift in Sources */,
			);
			runOnlyForDeploymentPostprocessing = 0;
		};
/* End PBXSourcesBuildPhase section */

/* Begin XCBuildConfiguration section */
		64AC5CEC2AA3901E0011B607 /* Debug */ = {
			isa = XCBuildConfiguration;
			buildSettings = {
				ALWAYS_SEARCH_USER_PATHS = NO;
				CLANG_ANALYZER_NONNULL = YES;
				CLANG_ANALYZER_NUMBER_OBJECT_CONVERSION = YES_AGGRESSIVE;
				CLANG_CXX_LANGUAGE_STANDARD = "gnu++20";
				CLANG_ENABLE_MODULES = YES;
				CLANG_ENABLE_OBJC_ARC = YES;
				CLANG_ENABLE_OBJC_WEAK = YES;
				CLANG_WARN_BLOCK_CAPTURE_AUTORELEASING = YES;
				CLANG_WARN_BOOL_CONVERSION = YES;
				CLANG_WARN_COMMA = YES;
				CLANG_WARN_CONSTANT_CONVERSION = YES;
				CLANG_WARN_DEPRECATED_OBJC_IMPLEMENTATIONS = YES;
				CLANG_WARN_DIRECT_OBJC_ISA_USAGE = YES_ERROR;
				CLANG_WARN_DOCUMENTATION_COMMENTS = YES;
				CLANG_WARN_EMPTY_BODY = YES;
				CLANG_WARN_ENUM_CONVERSION = YES;
				CLANG_WARN_INFINITE_RECURSION = YES;
				CLANG_WARN_INT_CONVERSION = YES;
				CLANG_WARN_NON_LITERAL_NULL_CONVERSION = YES;
				CLANG_WARN_OBJC_IMPLICIT_RETAIN_SELF = YES;
				CLANG_WARN_OBJC_LITERAL_CONVERSION = YES;
				CLANG_WARN_OBJC_ROOT_CLASS = YES_ERROR;
				CLANG_WARN_QUOTED_INCLUDE_IN_FRAMEWORK_HEADER = YES;
				CLANG_WARN_RANGE_LOOP_ANALYSIS = YES;
				CLANG_WARN_STRICT_PROTOTYPES = YES;
				CLANG_WARN_SUSPICIOUS_MOVE = YES;
				CLANG_WARN_UNGUARDED_AVAILABILITY = YES_AGGRESSIVE;
				CLANG_WARN_UNREACHABLE_CODE = YES;
				CLANG_WARN__DUPLICATE_METHOD_MATCH = YES;
				COPY_PHASE_STRIP = NO;
				DEBUG_INFORMATION_FORMAT = dwarf;
				ENABLE_STRICT_OBJC_MSGSEND = YES;
				ENABLE_TESTABILITY = YES;
				GCC_C_LANGUAGE_STANDARD = gnu11;
				GCC_DYNAMIC_NO_PIC = NO;
				GCC_NO_COMMON_BLOCKS = YES;
				GCC_OPTIMIZATION_LEVEL = 0;
				GCC_PREPROCESSOR_DEFINITIONS = (
					"DEBUG=1",
					"$(inherited)",
				);
				GCC_WARN_64_TO_32_BIT_CONVERSION = YES;
				GCC_WARN_ABOUT_RETURN_TYPE = YES_ERROR;
				GCC_WARN_UNDECLARED_SELECTOR = YES;
				GCC_WARN_UNINITIALIZED_AUTOS = YES_AGGRESSIVE;
				GCC_WARN_UNUSED_FUNCTION = YES;
				GCC_WARN_UNUSED_VARIABLE = YES;
				MTL_ENABLE_DEBUG_INFO = INCLUDE_SOURCE;
				MTL_FAST_MATH = YES;
				ONLY_ACTIVE_ARCH = YES;
				SWIFT_ACTIVE_COMPILATION_CONDITIONS = DEBUG;
				SWIFT_OPTIMIZATION_LEVEL = "-Onone";
			};
			name = Debug;
		};
		64AC5CED2AA3901E0011B607 /* Release */ = {
			isa = XCBuildConfiguration;
			buildSettings = {
				ALWAYS_SEARCH_USER_PATHS = NO;
				CLANG_ANALYZER_NONNULL = YES;
				CLANG_ANALYZER_NUMBER_OBJECT_CONVERSION = YES_AGGRESSIVE;
				CLANG_CXX_LANGUAGE_STANDARD = "gnu++20";
				CLANG_ENABLE_MODULES = YES;
				CLANG_ENABLE_OBJC_ARC = YES;
				CLANG_ENABLE_OBJC_WEAK = YES;
				CLANG_WARN_BLOCK_CAPTURE_AUTORELEASING = YES;
				CLANG_WARN_BOOL_CONVERSION = YES;
				CLANG_WARN_COMMA = YES;
				CLANG_WARN_CONSTANT_CONVERSION = YES;
				CLANG_WARN_DEPRECATED_OBJC_IMPLEMENTATIONS = YES;
				CLANG_WARN_DIRECT_OBJC_ISA_USAGE = YES_ERROR;
				CLANG_WARN_DOCUMENTATION_COMMENTS = YES;
				CLANG_WARN_EMPTY_BODY = YES;
				CLANG_WARN_ENUM_CONVERSION = YES;
				CLANG_WARN_INFINITE_RECURSION = YES;
				CLANG_WARN_INT_CONVERSION = YES;
				CLANG_WARN_NON_LITERAL_NULL_CONVERSION = YES;
				CLANG_WARN_OBJC_IMPLICIT_RETAIN_SELF = YES;
				CLANG_WARN_OBJC_LITERAL_CONVERSION = YES;
				CLANG_WARN_OBJC_ROOT_CLASS = YES_ERROR;
				CLANG_WARN_QUOTED_INCLUDE_IN_FRAMEWORK_HEADER = YES;
				CLANG_WARN_RANGE_LOOP_ANALYSIS = YES;
				CLANG_WARN_STRICT_PROTOTYPES = YES;
				CLANG_WARN_SUSPICIOUS_MOVE = YES;
				CLANG_WARN_UNGUARDED_AVAILABILITY = YES_AGGRESSIVE;
				CLANG_WARN_UNREACHABLE_CODE = YES;
				CLANG_WARN__DUPLICATE_METHOD_MATCH = YES;
				COPY_PHASE_STRIP = NO;
				DEBUG_INFORMATION_FORMAT = "dwarf-with-dsym";
				ENABLE_NS_ASSERTIONS = NO;
				ENABLE_STRICT_OBJC_MSGSEND = YES;
				GCC_C_LANGUAGE_STANDARD = gnu11;
				GCC_NO_COMMON_BLOCKS = YES;
				GCC_WARN_64_TO_32_BIT_CONVERSION = YES;
				GCC_WARN_ABOUT_RETURN_TYPE = YES_ERROR;
				GCC_WARN_UNDECLARED_SELECTOR = YES;
				GCC_WARN_UNINITIALIZED_AUTOS = YES_AGGRESSIVE;
				GCC_WARN_UNUSED_FUNCTION = YES;
				GCC_WARN_UNUSED_VARIABLE = YES;
				MTL_ENABLE_DEBUG_INFO = NO;
				MTL_FAST_MATH = YES;
				SWIFT_COMPILATION_MODE = wholemodule;
				SWIFT_OPTIMIZATION_LEVEL = "-O";
			};
			name = Release;
		};
		64AC5CEF2AA3901E0011B607 /* Debug */ = {
			isa = XCBuildConfiguration;
			buildSettings = {
				ASSETCATALOG_COMPILER_APPICON_NAME = AppIcon;
				ASSETCATALOG_COMPILER_GLOBAL_ACCENT_COLOR_NAME = AccentColor;
				CODE_SIGN_ENTITLEMENTS = "16-swift-threads-async/_6_swift_threads_async.entitlements";
				CODE_SIGN_STYLE = Automatic;
				CURRENT_PROJECT_VERSION = 1;
				DEVELOPMENT_ASSET_PATHS = "\"16-swift-threads-async/Preview Content\"";
				ENABLE_PREVIEWS = YES;
				GENERATE_INFOPLIST_FILE = YES;
				"INFOPLIST_KEY_UIApplicationSceneManifest_Generation[sdk=iphoneos*]" = YES;
				"INFOPLIST_KEY_UIApplicationSceneManifest_Generation[sdk=iphonesimulator*]" = YES;
				"INFOPLIST_KEY_UIApplicationSupportsIndirectInputEvents[sdk=iphoneos*]" = YES;
				"INFOPLIST_KEY_UIApplicationSupportsIndirectInputEvents[sdk=iphonesimulator*]" = YES;
				"INFOPLIST_KEY_UILaunchScreen_Generation[sdk=iphoneos*]" = YES;
				"INFOPLIST_KEY_UILaunchScreen_Generation[sdk=iphonesimulator*]" = YES;
				"INFOPLIST_KEY_UIStatusBarStyle[sdk=iphoneos*]" = UIStatusBarStyleDefault;
				"INFOPLIST_KEY_UIStatusBarStyle[sdk=iphonesimulator*]" = UIStatusBarStyleDefault;
				INFOPLIST_KEY_UISupportedInterfaceOrientations_iPad = "UIInterfaceOrientationPortrait UIInterfaceOrientationPortraitUpsideDown UIInterfaceOrientationLandscapeLeft UIInterfaceOrientationLandscapeRight";
				INFOPLIST_KEY_UISupportedInterfaceOrientations_iPhone = "UIInterfaceOrientationPortrait UIInterfaceOrientationLandscapeLeft UIInterfaceOrientationLandscapeRight";
				IPHONEOS_DEPLOYMENT_TARGET = 16.2;
				LD_RUNPATH_SEARCH_PATHS = "@executable_path/Frameworks";
				"LD_RUNPATH_SEARCH_PATHS[sdk=macosx*]" = "@executable_path/../Frameworks";
				MACOSX_DEPLOYMENT_TARGET = 12.6;
				MARKETING_VERSION = 1.0;
				PRODUCT_BUNDLE_IDENTIFIER = "ai.cherrypick.-6-swift-threads-async";
				PRODUCT_NAME = "$(TARGET_NAME)";
				SDKROOT = auto;
				SUPPORTED_PLATFORMS = "iphoneos iphonesimulator macosx";
				SWIFT_EMIT_LOC_STRINGS = YES;
				SWIFT_VERSION = 5.0;
				TARGETED_DEVICE_FAMILY = "1,2";
			};
			name = Debug;
		};
		64AC5CF02AA3901E0011B607 /* Release */ = {
			isa = XCBuildConfiguration;
			buildSettings = {
				ASSETCATALOG_COMPILER_APPICON_NAME = AppIcon;
				ASSETCATALOG_COMPILER_GLOBAL_ACCENT_COLOR_NAME = AccentColor;
				CODE_SIGN_ENTITLEMENTS = "16-swift-threads-async/_6_swift_threads_async.entitlements";
				CODE_SIGN_STYLE = Automatic;
				CURRENT_PROJECT_VERSION = 1;
				DEVELOPMENT_ASSET_PATHS = "\"16-swift-threads-async/Preview Content\"";
				ENABLE_PREVIEWS = YES;
				GENERATE_INFOPLIST_FILE = YES;
				"INFOPLIST_KEY_UIApplicationSceneManifest_Generation[sdk=iphoneos*]" = YES;
				"INFOPLIST_KEY_UIApplicationSceneManifest_Generation[sdk=iphonesimulator*]" = YES;
				"INFOPLIST_KEY_UIApplicationSupportsIndirectInputEvents[sdk=iphoneos*]" = YES;
				"INFOPLIST_KEY_UIApplicationSupportsIndirectInputEvents[sdk=iphonesimulator*]" = YES;
				"INFOPLIST_KEY_UILaunchScreen_Generation[sdk=iphoneos*]" = YES;
				"INFOPLIST_KEY_UILaunchScreen_Generation[sdk=iphonesimulator*]" = YES;
				"INFOPLIST_KEY_UIStatusBarStyle[sdk=iphoneos*]" = UIStatusBarStyleDefault;
				"INFOPLIST_KEY_UIStatusBarStyle[sdk=iphonesimulator*]" = UIStatusBarStyleDefault;
				INFOPLIST_KEY_UISupportedInterfaceOrientations_iPad = "UIInterfaceOrientationPortrait UIInterfaceOrientationPortraitUpsideDown UIInterfaceOrientationLandscapeLeft UIInterfaceOrientationLandscapeRight";
				INFOPLIST_KEY_UISupportedInterfaceOrientations_iPhone = "UIInterfaceOrientationPortrait UIInterfaceOrientationLandscapeLeft UIInterfaceOrientationLandscapeRight";
				IPHONEOS_DEPLOYMENT_TARGET = 16.2;
				LD_RUNPATH_SEARCH_PATHS = "@executable_path/Frameworks";
				"LD_RUNPATH_SEARCH_PATHS[sdk=macosx*]" = "@executable_path/../Frameworks";
				MACOSX_DEPLOYMENT_TARGET = 12.6;
				MARKETING_VERSION = 1.0;
				PRODUCT_BUNDLE_IDENTIFIER = "ai.cherrypick.-6-swift-threads-async";
				PRODUCT_NAME = "$(TARGET_NAME)";
				SDKROOT = auto;
				SUPPORTED_PLATFORMS = "iphoneos iphonesimulator macosx";
				SWIFT_EMIT_LOC_STRINGS = YES;
				SWIFT_VERSION = 5.0;
				TARGETED_DEVICE_FAMILY = "1,2";
			};
			name = Release;
		};
/* End XCBuildConfiguration section */

/* Begin XCConfigurationList section */
		64AC5CDA2AA3901C0011B607 /* Build configuration list for PBXProject "16-swift-threads-async" */ = {
			isa = XCConfigurationList;
			buildConfigurations = (
				64AC5CEC2AA3901E0011B607 /* Debug */,
				64AC5CED2AA3901E0011B607 /* Release */,
			);
			defaultConfigurationIsVisible = 0;
			defaultConfigurationName = Release;
		};
		64AC5CEE2AA3901E0011B607 /* Build configuration list for PBXNativeTarget "16-swift-threads-async" */ = {
			isa = XCConfigurationList;
			buildConfigurations = (
				64AC5CEF2AA3901E0011B607 /* Debug */,
				64AC5CF02AA3901E0011B607 /* Release */,
			);
			defaultConfigurationIsVisible = 0;
			defaultConfigurationName = Release;
		};
/* End XCConfigurationList section */

/* Begin XCRemoteSwiftPackageReference section */
		64AC5CF12AA3920C0011B607 /* XCRemoteSwiftPackageReference "firebase-ios-sdk" */ = {
			isa = XCRemoteSwiftPackageReference;
			repositoryURL = "https://github.com/firebase/firebase-ios-sdk";
			requirement = {
				kind = upToNextMajorVersion;
				minimumVersion = 9.0.0;
			};
		};
/* End XCRemoteSwiftPackageReference section */

/* Begin XCSwiftPackageProductDependency section */
		64AC5CF22AA3920C0011B607 /* FirebaseAuth */ = {
			isa = XCSwiftPackageProductDependency;
			package = 64AC5CF12AA3920C0011B607 /* XCRemoteSwiftPackageReference "firebase-ios-sdk" */;
			productName = FirebaseAuth;
		};
		64AC5CF42AA3920C0011B607 /* FirebaseFirestore */ = {
			isa = XCSwiftPackageProductDependency;
			package = 64AC5CF12AA3920C0011B607 /* XCRemoteSwiftPackageReference "firebase-ios-sdk" */;
			productName = FirebaseFirestore;
		};
		64AC5CF62AA3920C0011B607 /* FirebaseFirestoreSwift */ = {
			isa = XCSwiftPackageProductDependency;
			package = 64AC5CF12AA3920C0011B607 /* XCRemoteSwiftPackageReference "firebase-ios-sdk" */;
			productName = FirebaseFirestoreSwift;
		};
		64AC5CF82AA3920C0011B607 /* FirebaseStorage */ = {
			isa = XCSwiftPackageProductDependency;
			package = 64AC5CF12AA3920C0011B607 /* XCRemoteSwiftPackageReference "firebase-ios-sdk" */;
			productName = FirebaseStorage;
		};
/* End XCSwiftPackageProductDependency section */
	};
	rootObject = 64AC5CD72AA3901C0011B607 /* Project object */;
}
